
Microsoft Visual Studio Solution File, Format Version 12.00
# Visual Studio Version 17
VisualStudioVersion = 17.14.36401.2 d17.14
MinimumVisualStudioVersion = 10.0.40219.1
Project("{FAE04EC0-301F-11D3-BF4B-00C04F79EFBC}") = "hello world", "hello world\hello world.csproj", "{F91E89B3-D92E-42F7-A513-16C4ECAAB997}"
EndProject
Global
	GlobalSection(SolutionConfigurationPlatforms) = preSolution
		Debug|Any CPU = Debug|Any CPU
		Release|Any CPU = Release|Any CPU
	EndGlobalSection
	GlobalSection(ProjectConfigurationPlatforms) = postSolution
		{F91E89B3-D92E-42F7-A513-16C4ECAAB997}.Debug|Any CPU.ActiveCfg = Debug|Any CPU
		{F91E89B3-D92E-42F7-A513-16C4ECAAB997}.Debug|Any CPU.Build.0 = Debug|Any CPU
		{F91E89B3-D92E-42F7-A513-16C4ECAAB997}.Release|Any CPU.ActiveCfg = Release|Any CPU
		{F91E89B3-D92E-42F7-A513-16C4ECAAB997}.Release|Any CPU.Build.0 = Release|Any CPU
	EndGlobalSection
	GlobalSection(SolutionProperties) = preSolution
		HideSolutionNode = FALSE
	EndGlobalSection
	GlobalSection(ExtensibilityGlobals) = postSolution
		SolutionGuid = {545FF7D5-1320-4CC1-8E6F-1420AA9F28A1}
	EndGlobalSection
EndGlobal
